// !$*UTF8*$!
{
	archiveVersion = 1;
	classes = {
	};
	objectVersion = 56;
	objects = {

/* Begin PBXBuildFile section */
		628C51702A6196AD005292E3 /* TeamViewModel.swift in Sources */ = {isa = PBXBuildFile; fileRef = 628C516F2A6196AD005292E3 /* TeamViewModel.swift */; };
		79694F392A5AB090009F3C69 /* Assets.xcassets in Resources */ = {isa = PBXBuildFile; fileRef = 79694F382A5AB090009F3C69 /* Assets.xcassets */; };
		79694F4D2A5AB936009F3C69 /* Localizable.strings in Resources */ = {isa = PBXBuildFile; fileRef = 79694F4C2A5AB936009F3C69 /* Localizable.strings */; };
		79D78B7C2A5FEDE800B8AA79 /* GitSetKitApp.swift in Sources */ = {isa = PBXBuildFile; fileRef = 79694F342A5AB08F009F3C69 /* GitSetKitApp.swift */; };
		79D78B7D2A5FEDE800B8AA79 /* Option+CoreDataClass.swift in Sources */ = {isa = PBXBuildFile; fileRef = 7926C2272A5E98D3003B7D36 /* Option+CoreDataClass.swift */; };
		79D78B7E2A5FEDE800B8AA79 /* Option+CoreDataProperties.swift in Sources */ = {isa = PBXBuildFile; fileRef = 7926C2282A5E98D3003B7D36 /* Option+CoreDataProperties.swift */; };
		79D78B7F2A5FEDE800B8AA79 /* Team+CoreDataClass.swift in Sources */ = {isa = PBXBuildFile; fileRef = 7926C2292A5E98D3003B7D36 /* Team+CoreDataClass.swift */; };
		79D78B802A5FEDE800B8AA79 /* Team+CoreDataProperties.swift in Sources */ = {isa = PBXBuildFile; fileRef = 7926C22A2A5E98D3003B7D36 /* Team+CoreDataProperties.swift */; };
		79D78B812A5FEDE800B8AA79 /* InputField+CoreDataClass.swift in Sources */ = {isa = PBXBuildFile; fileRef = 7926C22B2A5E98D3003B7D36 /* InputField+CoreDataClass.swift */; };
		79D78B822A5FEDE800B8AA79 /* InputField+CoreDataProperties.swift in Sources */ = {isa = PBXBuildFile; fileRef = 7926C22C2A5E98D3003B7D36 /* InputField+CoreDataProperties.swift */; };
		79D78B832A5FEDE800B8AA79 /* Field+CoreDataClass.swift in Sources */ = {isa = PBXBuildFile; fileRef = 7926C22D2A5E98D3003B7D36 /* Field+CoreDataClass.swift */; };
		79D78B842A5FEDE800B8AA79 /* Field+CoreDataProperties.swift in Sources */ = {isa = PBXBuildFile; fileRef = 7926C22E2A5E98D3003B7D36 /* Field+CoreDataProperties.swift */; };
		79D78B852A5FEDE800B8AA79 /* OptionField+CoreDataClass.swift in Sources */ = {isa = PBXBuildFile; fileRef = 7926C22F2A5E98D3003B7D36 /* OptionField+CoreDataClass.swift */; };
		79D78B862A5FEDE800B8AA79 /* OptionField+CoreDataProperties.swift in Sources */ = {isa = PBXBuildFile; fileRef = 7926C2302A5E98D3003B7D36 /* OptionField+CoreDataProperties.swift */; };
		79D78B872A5FEDE800B8AA79 /* ConstantField+CoreDataClass.swift in Sources */ = {isa = PBXBuildFile; fileRef = 7926C2312A5E98D3003B7D36 /* ConstantField+CoreDataClass.swift */; };
		79D78B882A5FEDE800B8AA79 /* ConstantField+CoreDataProperties.swift in Sources */ = {isa = PBXBuildFile; fileRef = 7926C2322A5E98D3003B7D36 /* ConstantField+CoreDataProperties.swift */; };
		79D78B892A5FEDE800B8AA79 /* DateField+CoreDataClass.swift in Sources */ = {isa = PBXBuildFile; fileRef = 7926C2332A5E98D3003B7D36 /* DateField+CoreDataClass.swift */; };
		79D78B8A2A5FEDE800B8AA79 /* DateField+CoreDataProperties.swift in Sources */ = {isa = PBXBuildFile; fileRef = 7926C2342A5E98D3003B7D36 /* DateField+CoreDataProperties.swift */; };
		79D78B8B2A5FEDE800B8AA79 /* PersistenceController.swift in Sources */ = {isa = PBXBuildFile; fileRef = 7926C2092A5E8CDB003B7D36 /* PersistenceController.swift */; };
		79D78B8C2A5FEDE800B8AA79 /* FileHelper.swift in Sources */ = {isa = PBXBuildFile; fileRef = 7926082B2A5BDEF50008C589 /* FileHelper.swift */; };
		79D78B8D2A5FEDE800B8AA79 /* ContentView.swift in Sources */ = {isa = PBXBuildFile; fileRef = 79694F362A5AB08F009F3C69 /* ContentView.swift */; };
		79D78B8E2A5FEDE800B8AA79 /* TeamView.swift in Sources */ = {isa = PBXBuildFile; fileRef = 79694F4A2A5AB904009F3C69 /* TeamView.swift */; };
		79D78B8F2A5FEDE800B8AA79 /* ConventionView.swift in Sources */ = {isa = PBXBuildFile; fileRef = 79694F4E2A5ABF8A009F3C69 /* ConventionView.swift */; };
		79D78B902A5FEDE800B8AA79 /* GitSetKit.xcdatamodeld in Sources */ = {isa = PBXBuildFile; fileRef = 7926C1EC2A5E8420003B7D36 /* GitSetKit.xcdatamodeld */; };
/* End PBXBuildFile section */

/* Begin PBXFileReference section */
		628C516F2A6196AD005292E3 /* TeamViewModel.swift */ = {isa = PBXFileReference; lastKnownFileType = sourcecode.swift; path = TeamViewModel.swift; sourceTree = "<group>"; };
		7926082B2A5BDEF50008C589 /* FileHelper.swift */ = {isa = PBXFileReference; lastKnownFileType = sourcecode.swift; path = FileHelper.swift; sourceTree = "<group>"; };
		7926C1ED2A5E8420003B7D36 /* GitSetKit.xcdatamodel */ = {isa = PBXFileReference; lastKnownFileType = wrapper.xcdatamodel; path = GitSetKit.xcdatamodel; sourceTree = "<group>"; };
		7926C2092A5E8CDB003B7D36 /* PersistenceController.swift */ = {isa = PBXFileReference; lastKnownFileType = sourcecode.swift; name = PersistenceController.swift; path = Data/PersistenceController.swift; sourceTree = "<group>"; };
		7926C2272A5E98D3003B7D36 /* Option+CoreDataClass.swift */ = {isa = PBXFileReference; lastKnownFileType = sourcecode.swift; name = "Option+CoreDataClass.swift"; path = "Data/Option+CoreDataClass.swift"; sourceTree = "<group>"; };
		7926C2282A5E98D3003B7D36 /* Option+CoreDataProperties.swift */ = {isa = PBXFileReference; lastKnownFileType = sourcecode.swift; name = "Option+CoreDataProperties.swift"; path = "Data/Option+CoreDataProperties.swift"; sourceTree = "<group>"; };
		7926C2292A5E98D3003B7D36 /* Team+CoreDataClass.swift */ = {isa = PBXFileReference; lastKnownFileType = sourcecode.swift; name = "Team+CoreDataClass.swift"; path = "Data/Team+CoreDataClass.swift"; sourceTree = "<group>"; };
		7926C22A2A5E98D3003B7D36 /* Team+CoreDataProperties.swift */ = {isa = PBXFileReference; lastKnownFileType = sourcecode.swift; name = "Team+CoreDataProperties.swift"; path = "Data/Team+CoreDataProperties.swift"; sourceTree = "<group>"; };
		7926C22B2A5E98D3003B7D36 /* InputField+CoreDataClass.swift */ = {isa = PBXFileReference; lastKnownFileType = sourcecode.swift; name = "InputField+CoreDataClass.swift"; path = "Data/InputField+CoreDataClass.swift"; sourceTree = "<group>"; };
		7926C22C2A5E98D3003B7D36 /* InputField+CoreDataProperties.swift */ = {isa = PBXFileReference; lastKnownFileType = sourcecode.swift; name = "InputField+CoreDataProperties.swift"; path = "Data/InputField+CoreDataProperties.swift"; sourceTree = "<group>"; };
		7926C22D2A5E98D3003B7D36 /* Field+CoreDataClass.swift */ = {isa = PBXFileReference; lastKnownFileType = sourcecode.swift; name = "Field+CoreDataClass.swift"; path = "Data/Field+CoreDataClass.swift"; sourceTree = "<group>"; };
		7926C22E2A5E98D3003B7D36 /* Field+CoreDataProperties.swift */ = {isa = PBXFileReference; lastKnownFileType = sourcecode.swift; name = "Field+CoreDataProperties.swift"; path = "Data/Field+CoreDataProperties.swift"; sourceTree = "<group>"; };
		7926C22F2A5E98D3003B7D36 /* OptionField+CoreDataClass.swift */ = {isa = PBXFileReference; lastKnownFileType = sourcecode.swift; name = "OptionField+CoreDataClass.swift"; path = "Data/OptionField+CoreDataClass.swift"; sourceTree = "<group>"; };
		7926C2302A5E98D3003B7D36 /* OptionField+CoreDataProperties.swift */ = {isa = PBXFileReference; lastKnownFileType = sourcecode.swift; name = "OptionField+CoreDataProperties.swift"; path = "Data/OptionField+CoreDataProperties.swift"; sourceTree = "<group>"; };
		7926C2312A5E98D3003B7D36 /* ConstantField+CoreDataClass.swift */ = {isa = PBXFileReference; lastKnownFileType = sourcecode.swift; name = "ConstantField+CoreDataClass.swift"; path = "Data/ConstantField+CoreDataClass.swift"; sourceTree = "<group>"; };
		7926C2322A5E98D3003B7D36 /* ConstantField+CoreDataProperties.swift */ = {isa = PBXFileReference; lastKnownFileType = sourcecode.swift; name = "ConstantField+CoreDataProperties.swift"; path = "Data/ConstantField+CoreDataProperties.swift"; sourceTree = "<group>"; };
		7926C2332A5E98D3003B7D36 /* DateField+CoreDataClass.swift */ = {isa = PBXFileReference; lastKnownFileType = sourcecode.swift; name = "DateField+CoreDataClass.swift"; path = "Data/DateField+CoreDataClass.swift"; sourceTree = "<group>"; };
		7926C2342A5E98D3003B7D36 /* DateField+CoreDataProperties.swift */ = {isa = PBXFileReference; lastKnownFileType = sourcecode.swift; name = "DateField+CoreDataProperties.swift"; path = "Data/DateField+CoreDataProperties.swift"; sourceTree = "<group>"; };
		79694F312A5AB08F009F3C69 /* GitSetKit.app */ = {isa = PBXFileReference; explicitFileType = wrapper.application; includeInIndex = 0; path = GitSetKit.app; sourceTree = BUILT_PRODUCTS_DIR; };
		79694F342A5AB08F009F3C69 /* GitSetKitApp.swift */ = {isa = PBXFileReference; lastKnownFileType = sourcecode.swift; path = GitSetKitApp.swift; sourceTree = "<group>"; };
		79694F362A5AB08F009F3C69 /* ContentView.swift */ = {isa = PBXFileReference; lastKnownFileType = sourcecode.swift; path = ContentView.swift; sourceTree = "<group>"; };
		79694F382A5AB090009F3C69 /* Assets.xcassets */ = {isa = PBXFileReference; lastKnownFileType = folder.assetcatalog; path = Assets.xcassets; sourceTree = "<group>"; };
		79694F3D2A5AB090009F3C69 /* GitSetKit.entitlements */ = {isa = PBXFileReference; lastKnownFileType = text.plist.entitlements; path = GitSetKit.entitlements; sourceTree = "<group>"; };
		79694F4A2A5AB904009F3C69 /* TeamView.swift */ = {isa = PBXFileReference; lastKnownFileType = sourcecode.swift; path = TeamView.swift; sourceTree = "<group>"; };
		79694F4C2A5AB936009F3C69 /* Localizable.strings */ = {isa = PBXFileReference; lastKnownFileType = text.plist.strings; path = Localizable.strings; sourceTree = "<group>"; };
		79694F4E2A5ABF8A009F3C69 /* ConventionView.swift */ = {isa = PBXFileReference; lastKnownFileType = sourcecode.swift; path = ConventionView.swift; sourceTree = "<group>"; };
/* End PBXFileReference section */

/* Begin PBXFrameworksBuildPhase section */
		79694F2E2A5AB08F009F3C69 /* Frameworks */ = {
			isa = PBXFrameworksBuildPhase;
			buildActionMask = 2147483647;
			files = (
			);
			runOnlyForDeploymentPostprocessing = 0;
		};
/* End PBXFrameworksBuildPhase section */

/* Begin PBXGroup section */
		628C514D2A61766D005292E3 /* CoreData */ = {
			isa = PBXGroup;
			children = (
				7926C2272A5E98D3003B7D36 /* Option+CoreDataClass.swift */,
				7926C2282A5E98D3003B7D36 /* Option+CoreDataProperties.swift */,
				7926C2292A5E98D3003B7D36 /* Team+CoreDataClass.swift */,
				7926C22A2A5E98D3003B7D36 /* Team+CoreDataProperties.swift */,
				7926C22B2A5E98D3003B7D36 /* InputField+CoreDataClass.swift */,
				7926C22C2A5E98D3003B7D36 /* InputField+CoreDataProperties.swift */,
				7926C22D2A5E98D3003B7D36 /* Field+CoreDataClass.swift */,
				7926C22E2A5E98D3003B7D36 /* Field+CoreDataProperties.swift */,
				7926C22F2A5E98D3003B7D36 /* OptionField+CoreDataClass.swift */,
				7926C2302A5E98D3003B7D36 /* OptionField+CoreDataProperties.swift */,
				7926C2312A5E98D3003B7D36 /* ConstantField+CoreDataClass.swift */,
				7926C2322A5E98D3003B7D36 /* ConstantField+CoreDataProperties.swift */,
				7926C2332A5E98D3003B7D36 /* DateField+CoreDataClass.swift */,
				7926C2342A5E98D3003B7D36 /* DateField+CoreDataProperties.swift */,
			);
			name = CoreData;
			sourceTree = "<group>";
		};
		7926082A2A5BC9030008C589 /* Tool */ = {
			isa = PBXGroup;
			children = (
				7926082B2A5BDEF50008C589 /* FileHelper.swift */,
			);
			path = Tool;
			sourceTree = "<group>";
		};
		7926C2082A5E8C6A003B7D36 /* Data */ = {
			isa = PBXGroup;
			children = (
				628C514D2A61766D005292E3 /* CoreData */,
				7926C2092A5E8CDB003B7D36 /* PersistenceController.swift */,
				628C516F2A6196AD005292E3 /* TeamViewModel.swift */,
			);
			name = Data;
			sourceTree = "<group>";
		};
		79694F282A5AB08F009F3C69 = {
			isa = PBXGroup;
			children = (
				79694F332A5AB08F009F3C69 /* GitSetKit */,
				79694F322A5AB08F009F3C69 /* Products */,
			);
			sourceTree = "<group>";
		};
		79694F322A5AB08F009F3C69 /* Products */ = {
			isa = PBXGroup;
			children = (
				79694F312A5AB08F009F3C69 /* GitSetKit.app */,
			);
			name = Products;
			sourceTree = "<group>";
		};
		79694F332A5AB08F009F3C69 /* GitSetKit */ = {
			isa = PBXGroup;
			children = (
				79694F342A5AB08F009F3C69 /* GitSetKitApp.swift */,
				79694F382A5AB090009F3C69 /* Assets.xcassets */,
				79694F3D2A5AB090009F3C69 /* GitSetKit.entitlements */,
				79694F4C2A5AB936009F3C69 /* Localizable.strings */,
				7926C1EC2A5E8420003B7D36 /* GitSetKit.xcdatamodeld */,
				7926C2082A5E8C6A003B7D36 /* Data */,
				7926082A2A5BC9030008C589 /* Tool */,
				79D78B7B2A5FE92600B8AA79 /* Window */,
			);
			path = GitSetKit;
			sourceTree = "<group>";
		};
		79D78B7B2A5FE92600B8AA79 /* Window */ = {
			isa = PBXGroup;
			children = (
				79694F362A5AB08F009F3C69 /* ContentView.swift */,
				79694F4A2A5AB904009F3C69 /* TeamView.swift */,
				79694F4E2A5ABF8A009F3C69 /* ConventionView.swift */,
			);
			path = Window;
			sourceTree = "<group>";
		};
/* End PBXGroup section */

/* Begin PBXNativeTarget section */
		79694F302A5AB08F009F3C69 /* GitSetKit */ = {
			isa = PBXNativeTarget;
			buildConfigurationList = 79694F402A5AB090009F3C69 /* Build configuration list for PBXNativeTarget "GitSetKit" */;
			buildPhases = (
				79694F2D2A5AB08F009F3C69 /* Sources */,
				79694F2E2A5AB08F009F3C69 /* Frameworks */,
				79694F2F2A5AB08F009F3C69 /* Resources */,
			);
			buildRules = (
			);
			dependencies = (
			);
			name = GitSetKit;
			productName = GitSetKit;
			productReference = 79694F312A5AB08F009F3C69 /* GitSetKit.app */;
			productType = "com.apple.product-type.application";
		};
/* End PBXNativeTarget section */

/* Begin PBXProject section */
		79694F292A5AB08F009F3C69 /* Project object */ = {
			isa = PBXProject;
			attributes = {
				BuildIndependentTargetsInParallel = 1;
				LastSwiftUpdateCheck = 1430;
				LastUpgradeCheck = 1430;
				TargetAttributes = {
					79694F302A5AB08F009F3C69 = {
						CreatedOnToolsVersion = 14.3.1;
					};
				};
			};
			buildConfigurationList = 79694F2C2A5AB08F009F3C69 /* Build configuration list for PBXProject "GitSetKit" */;
			compatibilityVersion = "Xcode 14.0";
			developmentRegion = en;
			hasScannedForEncodings = 0;
			knownRegions = (
				en,
				Base,
				ko,
			);
			mainGroup = 79694F282A5AB08F009F3C69;
			productRefGroup = 79694F322A5AB08F009F3C69 /* Products */;
			projectDirPath = "";
			projectRoot = "";
			targets = (
				79694F302A5AB08F009F3C69 /* GitSetKit */,
			);
		};
/* End PBXProject section */

/* Begin PBXResourcesBuildPhase section */
		79694F2F2A5AB08F009F3C69 /* Resources */ = {
			isa = PBXResourcesBuildPhase;
			buildActionMask = 2147483647;
			files = (
				79694F392A5AB090009F3C69 /* Assets.xcassets in Resources */,
				79694F4D2A5AB936009F3C69 /* Localizable.strings in Resources */,
			);
			runOnlyForDeploymentPostprocessing = 0;
		};
/* End PBXResourcesBuildPhase section */

/* Begin PBXSourcesBuildPhase section */
		79694F2D2A5AB08F009F3C69 /* Sources */ = {
			isa = PBXSourcesBuildPhase;
			buildActionMask = 2147483647;
			files = (
				79D78B7C2A5FEDE800B8AA79 /* GitSetKitApp.swift in Sources */,
				79D78B7D2A5FEDE800B8AA79 /* Option+CoreDataClass.swift in Sources */,
				79D78B7E2A5FEDE800B8AA79 /* Option+CoreDataProperties.swift in Sources */,
				628C51702A6196AD005292E3 /* TeamViewModel.swift in Sources */,
				79D78B7F2A5FEDE800B8AA79 /* Team+CoreDataClass.swift in Sources */,
				79D78B802A5FEDE800B8AA79 /* Team+CoreDataProperties.swift in Sources */,
				79D78B812A5FEDE800B8AA79 /* InputField+CoreDataClass.swift in Sources */,
				79D78B822A5FEDE800B8AA79 /* InputField+CoreDataProperties.swift in Sources */,
				79D78B832A5FEDE800B8AA79 /* Field+CoreDataClass.swift in Sources */,
				79D78B842A5FEDE800B8AA79 /* Field+CoreDataProperties.swift in Sources */,
				79D78B852A5FEDE800B8AA79 /* OptionField+CoreDataClass.swift in Sources */,
				79D78B862A5FEDE800B8AA79 /* OptionField+CoreDataProperties.swift in Sources */,
				79D78B872A5FEDE800B8AA79 /* ConstantField+CoreDataClass.swift in Sources */,
				79D78B882A5FEDE800B8AA79 /* ConstantField+CoreDataProperties.swift in Sources */,
				79D78B892A5FEDE800B8AA79 /* DateField+CoreDataClass.swift in Sources */,
				79D78B8A2A5FEDE800B8AA79 /* DateField+CoreDataProperties.swift in Sources */,
				79D78B8B2A5FEDE800B8AA79 /* PersistenceController.swift in Sources */,
				79D78B8C2A5FEDE800B8AA79 /* FileHelper.swift in Sources */,
				79D78B8D2A5FEDE800B8AA79 /* ContentView.swift in Sources */,
				79D78B8E2A5FEDE800B8AA79 /* TeamView.swift in Sources */,
				79D78B8F2A5FEDE800B8AA79 /* ConventionView.swift in Sources */,
				79D78B902A5FEDE800B8AA79 /* GitSetKit.xcdatamodeld in Sources */,
			);
			runOnlyForDeploymentPostprocessing = 0;
		};
/* End PBXSourcesBuildPhase section */

/* Begin XCBuildConfiguration section */
		79694F3E2A5AB090009F3C69 /* Debug */ = {
			isa = XCBuildConfiguration;
			buildSettings = {
				ALWAYS_SEARCH_USER_PATHS = NO;
				CLANG_ANALYZER_NONNULL = YES;
				CLANG_ANALYZER_NUMBER_OBJECT_CONVERSION = YES_AGGRESSIVE;
				CLANG_CXX_LANGUAGE_STANDARD = "gnu++20";
				CLANG_ENABLE_MODULES = YES;
				CLANG_ENABLE_OBJC_ARC = YES;
				CLANG_ENABLE_OBJC_WEAK = YES;
				CLANG_WARN_BLOCK_CAPTURE_AUTORELEASING = YES;
				CLANG_WARN_BOOL_CONVERSION = YES;
				CLANG_WARN_COMMA = YES;
				CLANG_WARN_CONSTANT_CONVERSION = YES;
				CLANG_WARN_DEPRECATED_OBJC_IMPLEMENTATIONS = YES;
				CLANG_WARN_DIRECT_OBJC_ISA_USAGE = YES_ERROR;
				CLANG_WARN_DOCUMENTATION_COMMENTS = YES;
				CLANG_WARN_EMPTY_BODY = YES;
				CLANG_WARN_ENUM_CONVERSION = YES;
				CLANG_WARN_INFINITE_RECURSION = YES;
				CLANG_WARN_INT_CONVERSION = YES;
				CLANG_WARN_NON_LITERAL_NULL_CONVERSION = YES;
				CLANG_WARN_OBJC_IMPLICIT_RETAIN_SELF = YES;
				CLANG_WARN_OBJC_LITERAL_CONVERSION = YES;
				CLANG_WARN_OBJC_ROOT_CLASS = YES_ERROR;
				CLANG_WARN_QUOTED_INCLUDE_IN_FRAMEWORK_HEADER = YES;
				CLANG_WARN_RANGE_LOOP_ANALYSIS = YES;
				CLANG_WARN_STRICT_PROTOTYPES = YES;
				CLANG_WARN_SUSPICIOUS_MOVE = YES;
				CLANG_WARN_UNGUARDED_AVAILABILITY = YES_AGGRESSIVE;
				CLANG_WARN_UNREACHABLE_CODE = YES;
				CLANG_WARN__DUPLICATE_METHOD_MATCH = YES;
				COPY_PHASE_STRIP = NO;
				DEBUG_INFORMATION_FORMAT = dwarf;
				ENABLE_STRICT_OBJC_MSGSEND = YES;
				ENABLE_TESTABILITY = YES;
				GCC_C_LANGUAGE_STANDARD = gnu11;
				GCC_DYNAMIC_NO_PIC = NO;
				GCC_NO_COMMON_BLOCKS = YES;
				GCC_OPTIMIZATION_LEVEL = 0;
				GCC_PREPROCESSOR_DEFINITIONS = (
					"DEBUG=1",
					"$(inherited)",
				);
				GCC_WARN_64_TO_32_BIT_CONVERSION = YES;
				GCC_WARN_ABOUT_RETURN_TYPE = YES_ERROR;
				GCC_WARN_UNDECLARED_SELECTOR = YES;
				GCC_WARN_UNINITIALIZED_AUTOS = YES_AGGRESSIVE;
				GCC_WARN_UNUSED_FUNCTION = YES;
				GCC_WARN_UNUSED_VARIABLE = YES;
				MACOSX_DEPLOYMENT_TARGET = 13.3;
				MTL_ENABLE_DEBUG_INFO = INCLUDE_SOURCE;
				MTL_FAST_MATH = YES;
				ONLY_ACTIVE_ARCH = YES;
				SDKROOT = macosx;
				SWIFT_ACTIVE_COMPILATION_CONDITIONS = DEBUG;
				SWIFT_OPTIMIZATION_LEVEL = "-Onone";
			};
			name = Debug;
		};
		79694F3F2A5AB090009F3C69 /* Release */ = {
			isa = XCBuildConfiguration;
			buildSettings = {
				ALWAYS_SEARCH_USER_PATHS = NO;
				CLANG_ANALYZER_NONNULL = YES;
				CLANG_ANALYZER_NUMBER_OBJECT_CONVERSION = YES_AGGRESSIVE;
				CLANG_CXX_LANGUAGE_STANDARD = "gnu++20";
				CLANG_ENABLE_MODULES = YES;
				CLANG_ENABLE_OBJC_ARC = YES;
				CLANG_ENABLE_OBJC_WEAK = YES;
				CLANG_WARN_BLOCK_CAPTURE_AUTORELEASING = YES;
				CLANG_WARN_BOOL_CONVERSION = YES;
				CLANG_WARN_COMMA = YES;
				CLANG_WARN_CONSTANT_CONVERSION = YES;
				CLANG_WARN_DEPRECATED_OBJC_IMPLEMENTATIONS = YES;
				CLANG_WARN_DIRECT_OBJC_ISA_USAGE = YES_ERROR;
				CLANG_WARN_DOCUMENTATION_COMMENTS = YES;
				CLANG_WARN_EMPTY_BODY = YES;
				CLANG_WARN_ENUM_CONVERSION = YES;
				CLANG_WARN_INFINITE_RECURSION = YES;
				CLANG_WARN_INT_CONVERSION = YES;
				CLANG_WARN_NON_LITERAL_NULL_CONVERSION = YES;
				CLANG_WARN_OBJC_IMPLICIT_RETAIN_SELF = YES;
				CLANG_WARN_OBJC_LITERAL_CONVERSION = YES;
				CLANG_WARN_OBJC_ROOT_CLASS = YES_ERROR;
				CLANG_WARN_QUOTED_INCLUDE_IN_FRAMEWORK_HEADER = YES;
				CLANG_WARN_RANGE_LOOP_ANALYSIS = YES;
				CLANG_WARN_STRICT_PROTOTYPES = YES;
				CLANG_WARN_SUSPICIOUS_MOVE = YES;
				CLANG_WARN_UNGUARDED_AVAILABILITY = YES_AGGRESSIVE;
				CLANG_WARN_UNREACHABLE_CODE = YES;
				CLANG_WARN__DUPLICATE_METHOD_MATCH = YES;
				COPY_PHASE_STRIP = NO;
				DEBUG_INFORMATION_FORMAT = "dwarf-with-dsym";
				ENABLE_NS_ASSERTIONS = NO;
				ENABLE_STRICT_OBJC_MSGSEND = YES;
				GCC_C_LANGUAGE_STANDARD = gnu11;
				GCC_NO_COMMON_BLOCKS = YES;
				GCC_WARN_64_TO_32_BIT_CONVERSION = YES;
				GCC_WARN_ABOUT_RETURN_TYPE = YES_ERROR;
				GCC_WARN_UNDECLARED_SELECTOR = YES;
				GCC_WARN_UNINITIALIZED_AUTOS = YES_AGGRESSIVE;
				GCC_WARN_UNUSED_FUNCTION = YES;
				GCC_WARN_UNUSED_VARIABLE = YES;
				MACOSX_DEPLOYMENT_TARGET = 13.3;
				MTL_ENABLE_DEBUG_INFO = NO;
				MTL_FAST_MATH = YES;
				SDKROOT = macosx;
				SWIFT_COMPILATION_MODE = wholemodule;
				SWIFT_OPTIMIZATION_LEVEL = "-O";
			};
			name = Release;
		};
		79694F412A5AB090009F3C69 /* Debug */ = {
			isa = XCBuildConfiguration;
			buildSettings = {
				ASSETCATALOG_COMPILER_APPICON_NAME = AppIcon;
				ASSETCATALOG_COMPILER_GLOBAL_ACCENT_COLOR_NAME = AccentColor;
				CODE_SIGN_ENTITLEMENTS = GitSetKit/GitSetKit.entitlements;
				CODE_SIGN_STYLE = Automatic;
				COMBINE_HIDPI_IMAGES = YES;
				CURRENT_PROJECT_VERSION = 1;
				DEVELOPMENT_ASSET_PATHS = "";
				DEVELOPMENT_TEAM = BDU85ET24K;
				ENABLE_HARDENED_RUNTIME = YES;
				ENABLE_PREVIEWS = YES;
				GENERATE_INFOPLIST_FILE = YES;
				INFOPLIST_KEY_NSHumanReadableCopyright = "";
				LD_RUNPATH_SEARCH_PATHS = (
					"$(inherited)",
					"@executable_path/../Frameworks",
				);
				MACOSX_DEPLOYMENT_TARGET = 13.0;
				MARKETING_VERSION = 1.0;
				PRODUCT_BUNDLE_IDENTIFIER = com.waterful.GitSetKit;
				PRODUCT_NAME = "$(TARGET_NAME)";
				SWIFT_EMIT_LOC_STRINGS = YES;
				SWIFT_VERSION = 5.0;
			};
			name = Debug;
		};
		79694F422A5AB090009F3C69 /* Release */ = {
			isa = XCBuildConfiguration;
			buildSettings = {
				ASSETCATALOG_COMPILER_APPICON_NAME = AppIcon;
				ASSETCATALOG_COMPILER_GLOBAL_ACCENT_COLOR_NAME = AccentColor;
				CODE_SIGN_ENTITLEMENTS = GitSetKit/GitSetKit.entitlements;
				CODE_SIGN_STYLE = Automatic;
				COMBINE_HIDPI_IMAGES = YES;
				CURRENT_PROJECT_VERSION = 1;
				DEVELOPMENT_ASSET_PATHS = "";
				DEVELOPMENT_TEAM = BDU85ET24K;
				ENABLE_HARDENED_RUNTIME = YES;
				ENABLE_PREVIEWS = YES;
				GENERATE_INFOPLIST_FILE = YES;
				INFOPLIST_KEY_NSHumanReadableCopyright = "";
				LD_RUNPATH_SEARCH_PATHS = (
					"$(inherited)",
					"@executable_path/../Frameworks",
				);
				MACOSX_DEPLOYMENT_TARGET = 13.0;
				MARKETING_VERSION = 1.0;
				PRODUCT_BUNDLE_IDENTIFIER = com.waterful.GitSetKit;
				PRODUCT_NAME = "$(TARGET_NAME)";
				SWIFT_EMIT_LOC_STRINGS = YES;
				SWIFT_VERSION = 5.0;
			};
			name = Release;
		};
/* End XCBuildConfiguration section */

/* Begin XCConfigurationList section */
		79694F2C2A5AB08F009F3C69 /* Build configuration list for PBXProject "GitSetKit" */ = {
			isa = XCConfigurationList;
			buildConfigurations = (
				79694F3E2A5AB090009F3C69 /* Debug */,
				79694F3F2A5AB090009F3C69 /* Release */,
			);
			defaultConfigurationIsVisible = 0;
			defaultConfigurationName = Release;
		};
		79694F402A5AB090009F3C69 /* Build configuration list for PBXNativeTarget "GitSetKit" */ = {
			isa = XCConfigurationList;
			buildConfigurations = (
				79694F412A5AB090009F3C69 /* Debug */,
				79694F422A5AB090009F3C69 /* Release */,
			);
			defaultConfigurationIsVisible = 0;
			defaultConfigurationName = Release;
		};
/* End XCConfigurationList section */

/* Begin XCVersionGroup section */
		7926C1EC2A5E8420003B7D36 /* GitSetKit.xcdatamodeld */ = {
			isa = XCVersionGroup;
			children = (
				7926C1ED2A5E8420003B7D36 /* GitSetKit.xcdatamodel */,
			);
			currentVersion = 7926C1ED2A5E8420003B7D36 /* GitSetKit.xcdatamodel */;
			path = GitSetKit.xcdatamodeld;
			sourceTree = "<group>";
			versionGroupType = wrapper.xcdatamodel;
		};
/* End XCVersionGroup section */
	};
	rootObject = 79694F292A5AB08F009F3C69 /* Project object */;
}
